
Microsoft Visual Studio Solution File, Format Version 12.00
# Visual Studio Version 16
VisualStudioVersion = 16.0.30320.27
MinimumVisualStudioVersion = 10.0.40219.1
Project("{9A19103F-16F7-4668-BE54-9A1E7A4F7556}") = "StarBlaze", "StarDate\StarBlaze.csproj", "{6BE58BCF-8A4C-4C36-AFED-E1704C8F7E7F}"
EndProject
Project("{9A19103F-16F7-4668-BE54-9A1E7A4F7556}") = "StarLib", "StarLib\StarLib.csproj", "{47B3E894-8F14-4A15-9446-D7845494F05F}"
EndProject
Project("{9A19103F-16F7-4668-BE54-9A1E7A4F7556}") = "TestConsole", "TestConsole\TestConsole.csproj", "{8A6468F0-6EBC-4985-B249-9F5446F1FFA9}"
EndProject
Project("{9A19103F-16F7-4668-BE54-9A1E7A4F7556}") = "BlazorDateRangePicker", "BlazorDateRangePicker\BlazorDateRangePicker.csproj", "{D1226A2D-1886-46FB-A9B5-1D7F1796124D}"
EndProject
Global
	GlobalSection(SolutionConfigurationPlatforms) = preSolution
		Debug|Any CPU = Debug|Any CPU
		Release|Any CPU = Release|Any CPU
	EndGlobalSection
	GlobalSection(ProjectConfigurationPlatforms) = postSolution
		{6BE58BCF-8A4C-4C36-AFED-E1704C8F7E7F}.Debug|Any CPU.ActiveCfg = Debug|Any CPU
		{6BE58BCF-8A4C-4C36-AFED-E1704C8F7E7F}.Debug|Any CPU.Build.0 = Debug|Any CPU
		{6BE58BCF-8A4C-4C36-AFED-E1704C8F7E7F}.Release|Any CPU.ActiveCfg = Release|Any CPU
		{6BE58BCF-8A4C-4C36-AFED-E1704C8F7E7F}.Release|Any CPU.Build.0 = Release|Any CPU
		{47B3E894-8F14-4A15-9446-D7845494F05F}.Debug|Any CPU.ActiveCfg = Debug|Any CPU
		{47B3E894-8F14-4A15-9446-D7845494F05F}.Debug|Any CPU.Build.0 = Debug|Any CPU
		{47B3E894-8F14-4A15-9446-D7845494F05F}.Release|Any CPU.ActiveCfg = Release|Any CPU
		{47B3E894-8F14-4A15-9446-D7845494F05F}.Release|Any CPU.Build.0 = Release|Any CPU
		{8A6468F0-6EBC-4985-B249-9F5446F1FFA9}.Debug|Any CPU.ActiveCfg = Debug|Any CPU
		{8A6468F0-6EBC-4985-B249-9F5446F1FFA9}.Debug|Any CPU.Build.0 = Debug|Any CPU
		{8A6468F0-6EBC-4985-B249-9F5446F1FFA9}.Release|Any CPU.ActiveCfg = Release|Any CPU
		{8A6468F0-6EBC-4985-B249-9F5446F1FFA9}.Release|Any CPU.Build.0 = Release|Any CPU
		{D1226A2D-1886-46FB-A9B5-1D7F1796124D}.Debug|Any CPU.ActiveCfg = Debug|Any CPU
		{D1226A2D-1886-46FB-A9B5-1D7F1796124D}.Debug|Any CPU.Build.0 = Debug|Any CPU
		{D1226A2D-1886-46FB-A9B5-1D7F1796124D}.Release|Any CPU.ActiveCfg = Release|Any CPU
		{D1226A2D-1886-46FB-A9B5-1D7F1796124D}.Release|Any CPU.Build.0 = Release|Any CPU
	EndGlobalSection
	GlobalSection(SolutionProperties) = preSolution
		HideSolutionNode = FALSE
	EndGlobalSection
	GlobalSection(ExtensibilityGlobals) = postSolution
		SolutionGuid = {532FC328-D938-4275-9C65-7217A7A3E977}
	EndGlobalSection
EndGlobal
