
Microsoft Visual Studio Solution File, Format Version 12.00
# Visual Studio Version 16
VisualStudioVersion = 16.0.30320.27
MinimumVisualStudioVersion = 10.0.40219.1
Project("{9A19103F-16F7-4668-BE54-9A1E7A4F7556}") = "StarLib", "StarLib\StarLib.csproj", "{47B3E894-8F14-4A15-9446-D7845494F05F}"
EndProject
Project("{9A19103F-16F7-4668-BE54-9A1E7A4F7556}") = "TestConsole", "TestConsole\TestConsole.csproj", "{8A6468F0-6EBC-4985-B249-9F5446F1FFA9}"
EndProject
Project("{9A19103F-16F7-4668-BE54-9A1E7A4F7556}") = "Zodiac", "Zodiac\Zodiac.csproj", "{D3FD5425-9EED-4DD5-A848-0D5881806447}"
EndProject
Project("{9A19103F-16F7-4668-BE54-9A1E7A4F7556}") = "StarLib.Forms", "StarLib.Forms\StarLib.Forms.csproj", "{150B28C4-0C32-4C98-AD01-152C072F1F23}"
EndProject
Project("{9A19103F-16F7-4668-BE54-9A1E7A4F7556}") = "BlazorDemonstration", "BlazorDemonstration\BlazorDemonstration.csproj", "{B42513C6-4A78-4983-A445-9DAE8BB43275}"
EndProject
Project("{888888A0-9F3D-457C-B088-3A5042F75D52}") = "PythonConsole", "PythonConsole\PythonConsole.pyproj", "{9393DA12-5385-480F-9A5F-4F85E8B6A2C2}"
EndProject
Project("{9092AA53-FB77-4645-B42D-1CCCA6BD08BD}") = "NodejsConsoleApp1", "NodejsConsoleApp1\NodejsConsoleApp1.njsproj", "{7F287AE8-CE75-4294-ACBE-D23CAD1F672E}"
EndProject
Global
	GlobalSection(SolutionConfigurationPlatforms) = preSolution
		Debug|Any CPU = Debug|Any CPU
		Release|Any CPU = Release|Any CPU
	EndGlobalSection
	GlobalSection(ProjectConfigurationPlatforms) = postSolution
		{47B3E894-8F14-4A15-9446-D7845494F05F}.Debug|Any CPU.ActiveCfg = Debug|Any CPU
		{47B3E894-8F14-4A15-9446-D7845494F05F}.Debug|Any CPU.Build.0 = Debug|Any CPU
		{47B3E894-8F14-4A15-9446-D7845494F05F}.Release|Any CPU.ActiveCfg = Release|Any CPU
		{47B3E894-8F14-4A15-9446-D7845494F05F}.Release|Any CPU.Build.0 = Release|Any CPU
		{8A6468F0-6EBC-4985-B249-9F5446F1FFA9}.Debug|Any CPU.ActiveCfg = Debug|Any CPU
		{8A6468F0-6EBC-4985-B249-9F5446F1FFA9}.Debug|Any CPU.Build.0 = Debug|Any CPU
		{8A6468F0-6EBC-4985-B249-9F5446F1FFA9}.Release|Any CPU.ActiveCfg = Release|Any CPU
		{8A6468F0-6EBC-4985-B249-9F5446F1FFA9}.Release|Any CPU.Build.0 = Release|Any CPU
		{D3FD5425-9EED-4DD5-A848-0D5881806447}.Debug|Any CPU.ActiveCfg = Debug|Any CPU
		{D3FD5425-9EED-4DD5-A848-0D5881806447}.Debug|Any CPU.Build.0 = Debug|Any CPU
		{D3FD5425-9EED-4DD5-A848-0D5881806447}.Release|Any CPU.ActiveCfg = Release|Any CPU
		{D3FD5425-9EED-4DD5-A848-0D5881806447}.Release|Any CPU.Build.0 = Release|Any CPU
		{150B28C4-0C32-4C98-AD01-152C072F1F23}.Debug|Any CPU.ActiveCfg = Debug|Any CPU
		{150B28C4-0C32-4C98-AD01-152C072F1F23}.Debug|Any CPU.Build.0 = Debug|Any CPU
		{150B28C4-0C32-4C98-AD01-152C072F1F23}.Release|Any CPU.ActiveCfg = Release|Any CPU
		{150B28C4-0C32-4C98-AD01-152C072F1F23}.Release|Any CPU.Build.0 = Release|Any CPU
		{B42513C6-4A78-4983-A445-9DAE8BB43275}.Debug|Any CPU.ActiveCfg = Debug|Any CPU
		{B42513C6-4A78-4983-A445-9DAE8BB43275}.Debug|Any CPU.Build.0 = Debug|Any CPU
		{B42513C6-4A78-4983-A445-9DAE8BB43275}.Release|Any CPU.ActiveCfg = Release|Any CPU
		{B42513C6-4A78-4983-A445-9DAE8BB43275}.Release|Any CPU.Build.0 = Release|Any CPU
		{9393DA12-5385-480F-9A5F-4F85E8B6A2C2}.Debug|Any CPU.ActiveCfg = Debug|Any CPU
		{9393DA12-5385-480F-9A5F-4F85E8B6A2C2}.Release|Any CPU.ActiveCfg = Release|Any CPU
		{7F287AE8-CE75-4294-ACBE-D23CAD1F672E}.Debug|Any CPU.ActiveCfg = Debug|Any CPU
		{7F287AE8-CE75-4294-ACBE-D23CAD1F672E}.Debug|Any CPU.Build.0 = Debug|Any CPU
		{7F287AE8-CE75-4294-ACBE-D23CAD1F672E}.Release|Any CPU.ActiveCfg = Release|Any CPU
		{7F287AE8-CE75-4294-ACBE-D23CAD1F672E}.Release|Any CPU.Build.0 = Release|Any CPU
	EndGlobalSection
	GlobalSection(SolutionProperties) = preSolution
		HideSolutionNode = FALSE
	EndGlobalSection
	GlobalSection(ExtensibilityGlobals) = postSolution
		SolutionGuid = {532FC328-D938-4275-9C65-7217A7A3E977}
	EndGlobalSection
EndGlobal
